
Microsoft Visual Studio Solution File, Format Version 12.00
# Visual Studio Version 17
VisualStudioVersion = 17.0.31903.59
MinimumVisualStudioVersion = 10.0.40219.1
Project("{2150E333-8FDC-42A3-9474-1A3956D46DE8}") = "src", "src", "{4786C369-2985-48AF-8643-4F0406F1FF88}"
EndProject
Project("{FAE04EC0-301F-11D3-BF4B-00C04F79EFBC}") = "BDP.CLI", "src\BDP.CLI\BDP.CLI.csproj", "{AC2D474C-57A7-47D8-9A1E-03109D0D1099}"
EndProject
Project("{FAE04EC0-301F-11D3-BF4B-00C04F79EFBC}") = "BDP.Domain", "src\BDP.Domain\BDP.Domain.csproj", "{BBF6536A-C01F-4741-9683-4D4B0E537D4C}"
EndProject
Project("{FAE04EC0-301F-11D3-BF4B-00C04F79EFBC}") = "BDP.Application", "src\BDP.Application\BDP.Application.csproj", "{99F582B3-BFF6-416E-A981-4C0646349CF4}"
EndProject
Project("{FAE04EC0-301F-11D3-BF4B-00C04F79EFBC}") = "BDP.Infrastructure", "src\BDP.Infrastructure\BDP.Infrastructure.csproj", "{489C97A6-20F1-4CBE-A8CD-35B6FE362512}"
EndProject
Project("{FAE04EC0-301F-11D3-BF4B-00C04F79EFBC}") = "BDP.Registry.API", "src\BDP.Registry.API\BDP.Registry.API.csproj", "{ED68B6EB-5835-4C99-8D28-E5B0B3C5FB4C}"
EndProject
Project("{2150E333-8FDC-42A3-9474-1A3956D46DE8}") = "test", "test", "{0C88DD14-F956-CE84-757C-A364CCF449FC}"
EndProject
Project("{FAE04EC0-301F-11D3-BF4B-00C04F79EFBC}") = "BDP.Application.Tests", "test\BDP.Application.Tests\BDP.Application.Tests.csproj", "{1FB84A03-9F00-42E7-8246-A5A1CC123F25}"
EndProject
Project("{FAE04EC0-301F-11D3-BF4B-00C04F79EFBC}") = "BDP.CLI.Tests", "test\BDP.CLI.Tests\BDP.CLI.Tests.csproj", "{621F570F-EB47-4FF8-9608-C3C82FF77248}"
EndProject
Project("{FAE04EC0-301F-11D3-BF4B-00C04F79EFBC}") = "BDP.Domain.Tests", "test\BDP.Domain.Tests\BDP.Domain.Tests.csproj", "{470BAEAA-D43A-4A71-8722-D06F7ED74585}"
EndProject
Project("{FAE04EC0-301F-11D3-BF4B-00C04F79EFBC}") = "BDP.Infrastructure.Tests", "test\BDP.Infrastructure.Tests\BDP.Infrastructure.Tests.csproj", "{89A6B603-B776-4E4F-89FD-E01D2100C674}"
EndProject
Project("{FAE04EC0-301F-11D3-BF4B-00C04F79EFBC}") = "BDP.Registry.API.Tests", "test\BDP.Registry.API.Tests\BDP.Registry.API.Tests.csproj", "{24A16D02-2A20-4B48-84B1-C45936E997E4}"
EndProject
Global
	GlobalSection(SolutionConfigurationPlatforms) = preSolution
		Debug|Any CPU = Debug|Any CPU
		Debug|x64 = Debug|x64
		Debug|x86 = Debug|x86
		Release|Any CPU = Release|Any CPU
		Release|x64 = Release|x64
		Release|x86 = Release|x86
	EndGlobalSection
	GlobalSection(ProjectConfigurationPlatforms) = postSolution
		{AC2D474C-57A7-47D8-9A1E-03109D0D1099}.Debug|Any CPU.ActiveCfg = Debug|Any CPU
		{AC2D474C-57A7-47D8-9A1E-03109D0D1099}.Debug|Any CPU.Build.0 = Debug|Any CPU
		{AC2D474C-57A7-47D8-9A1E-03109D0D1099}.Debug|x64.ActiveCfg = Debug|Any CPU
		{AC2D474C-57A7-47D8-9A1E-03109D0D1099}.Debug|x64.Build.0 = Debug|Any CPU
		{AC2D474C-57A7-47D8-9A1E-03109D0D1099}.Debug|x86.ActiveCfg = Debug|Any CPU
		{AC2D474C-57A7-47D8-9A1E-03109D0D1099}.Debug|x86.Build.0 = Debug|Any CPU
		{AC2D474C-57A7-47D8-9A1E-03109D0D1099}.Release|Any CPU.ActiveCfg = Release|Any CPU
		{AC2D474C-57A7-47D8-9A1E-03109D0D1099}.Release|Any CPU.Build.0 = Release|Any CPU
		{AC2D474C-57A7-47D8-9A1E-03109D0D1099}.Release|x64.ActiveCfg = Release|Any CPU
		{AC2D474C-57A7-47D8-9A1E-03109D0D1099}.Release|x64.Build.0 = Release|Any CPU
		{AC2D474C-57A7-47D8-9A1E-03109D0D1099}.Release|x86.ActiveCfg = Release|Any CPU
		{AC2D474C-57A7-47D8-9A1E-03109D0D1099}.Release|x86.Build.0 = Release|Any CPU
		{BBF6536A-C01F-4741-9683-4D4B0E537D4C}.Debug|Any CPU.ActiveCfg = Debug|Any CPU
		{BBF6536A-C01F-4741-9683-4D4B0E537D4C}.Debug|Any CPU.Build.0 = Debug|Any CPU
		{BBF6536A-C01F-4741-9683-4D4B0E537D4C}.Debug|x64.ActiveCfg = Debug|Any CPU
		{BBF6536A-C01F-4741-9683-4D4B0E537D4C}.Debug|x64.Build.0 = Debug|Any CPU
		{BBF6536A-C01F-4741-9683-4D4B0E537D4C}.Debug|x86.ActiveCfg = Debug|Any CPU
		{BBF6536A-C01F-4741-9683-4D4B0E537D4C}.Debug|x86.Build.0 = Debug|Any CPU
		{BBF6536A-C01F-4741-9683-4D4B0E537D4C}.Release|Any CPU.ActiveCfg = Release|Any CPU
		{BBF6536A-C01F-4741-9683-4D4B0E537D4C}.Release|Any CPU.Build.0 = Release|Any CPU
		{BBF6536A-C01F-4741-9683-4D4B0E537D4C}.Release|x64.ActiveCfg = Release|Any CPU
		{BBF6536A-C01F-4741-9683-4D4B0E537D4C}.Release|x64.Build.0 = Release|Any CPU
		{BBF6536A-C01F-4741-9683-4D4B0E537D4C}.Release|x86.ActiveCfg = Release|Any CPU
		{BBF6536A-C01F-4741-9683-4D4B0E537D4C}.Release|x86.Build.0 = Release|Any CPU
		{99F582B3-BFF6-416E-A981-4C0646349CF4}.Debug|Any CPU.ActiveCfg = Debug|Any CPU
		{99F582B3-BFF6-416E-A981-4C0646349CF4}.Debug|Any CPU.Build.0 = Debug|Any CPU
		{99F582B3-BFF6-416E-A981-4C0646349CF4}.Debug|x64.ActiveCfg = Debug|Any CPU
		{99F582B3-BFF6-416E-A981-4C0646349CF4}.Debug|x64.Build.0 = Debug|Any CPU
		{99F582B3-BFF6-416E-A981-4C0646349CF4}.Debug|x86.ActiveCfg = Debug|Any CPU
		{99F582B3-BFF6-416E-A981-4C0646349CF4}.Debug|x86.Build.0 = Debug|Any CPU
		{99F582B3-BFF6-416E-A981-4C0646349CF4}.Release|Any CPU.ActiveCfg = Release|Any CPU
		{99F582B3-BFF6-416E-A981-4C0646349CF4}.Release|Any CPU.Build.0 = Release|Any CPU
		{99F582B3-BFF6-416E-A981-4C0646349CF4}.Release|x64.ActiveCfg = Release|Any CPU
		{99F582B3-BFF6-416E-A981-4C0646349CF4}.Release|x64.Build.0 = Release|Any CPU
		{99F582B3-BFF6-416E-A981-4C0646349CF4}.Release|x86.ActiveCfg = Release|Any CPU
		{99F582B3-BFF6-416E-A981-4C0646349CF4}.Release|x86.Build.0 = Release|Any CPU
		{489C97A6-20F1-4CBE-A8CD-35B6FE362512}.Debug|Any CPU.ActiveCfg = Debug|Any CPU
		{489C97A6-20F1-4CBE-A8CD-35B6FE362512}.Debug|Any CPU.Build.0 = Debug|Any CPU
		{489C97A6-20F1-4CBE-A8CD-35B6FE362512}.Debug|x64.ActiveCfg = Debug|Any CPU
		{489C97A6-20F1-4CBE-A8CD-35B6FE362512}.Debug|x64.Build.0 = Debug|Any CPU
		{489C97A6-20F1-4CBE-A8CD-35B6FE362512}.Debug|x86.ActiveCfg = Debug|Any CPU
		{489C97A6-20F1-4CBE-A8CD-35B6FE362512}.Debug|x86.Build.0 = Debug|Any CPU
		{489C97A6-20F1-4CBE-A8CD-35B6FE362512}.Release|Any CPU.ActiveCfg = Release|Any CPU
		{489C97A6-20F1-4CBE-A8CD-35B6FE362512}.Release|Any CPU.Build.0 = Release|Any CPU
		{489C97A6-20F1-4CBE-A8CD-35B6FE362512}.Release|x64.ActiveCfg = Release|Any CPU
		{489C97A6-20F1-4CBE-A8CD-35B6FE362512}.Release|x64.Build.0 = Release|Any CPU
		{489C97A6-20F1-4CBE-A8CD-35B6FE362512}.Release|x86.ActiveCfg = Release|Any CPU
		{489C97A6-20F1-4CBE-A8CD-35B6FE362512}.Release|x86.Build.0 = Release|Any CPU
		{ED68B6EB-5835-4C99-8D28-E5B0B3C5FB4C}.Debug|Any CPU.ActiveCfg = Debug|Any CPU
		{ED68B6EB-5835-4C99-8D28-E5B0B3C5FB4C}.Debug|Any CPU.Build.0 = Debug|Any CPU
		{ED68B6EB-5835-4C99-8D28-E5B0B3C5FB4C}.Debug|x64.ActiveCfg = Debug|Any CPU
		{ED68B6EB-5835-4C99-8D28-E5B0B3C5FB4C}.Debug|x64.Build.0 = Debug|Any CPU
		{ED68B6EB-5835-4C99-8D28-E5B0B3C5FB4C}.Debug|x86.ActiveCfg = Debug|Any CPU
		{ED68B6EB-5835-4C99-8D28-E5B0B3C5FB4C}.Debug|x86.Build.0 = Debug|Any CPU
		{ED68B6EB-5835-4C99-8D28-E5B0B3C5FB4C}.Release|Any CPU.ActiveCfg = Release|Any CPU
		{ED68B6EB-5835-4C99-8D28-E5B0B3C5FB4C}.Release|Any CPU.Build.0 = Release|Any CPU
		{ED68B6EB-5835-4C99-8D28-E5B0B3C5FB4C}.Release|x64.ActiveCfg = Release|Any CPU
		{ED68B6EB-5835-4C99-8D28-E5B0B3C5FB4C}.Release|x64.Build.0 = Release|Any CPU
		{ED68B6EB-5835-4C99-8D28-E5B0B3C5FB4C}.Release|x86.ActiveCfg = Release|Any CPU
		{ED68B6EB-5835-4C99-8D28-E5B0B3C5FB4C}.Release|x86.Build.0 = Release|Any CPU
		{1FB84A03-9F00-42E7-8246-A5A1CC123F25}.Debug|Any CPU.ActiveCfg = Debug|Any CPU
		{1FB84A03-9F00-42E7-8246-A5A1CC123F25}.Debug|Any CPU.Build.0 = Debug|Any CPU
		{1FB84A03-9F00-42E7-8246-A5A1CC123F25}.Debug|x64.ActiveCfg = Debug|Any CPU
		{1FB84A03-9F00-42E7-8246-A5A1CC123F25}.Debug|x64.Build.0 = Debug|Any CPU
		{1FB84A03-9F00-42E7-8246-A5A1CC123F25}.Debug|x86.ActiveCfg = Debug|Any CPU
		{1FB84A03-9F00-42E7-8246-A5A1CC123F25}.Debug|x86.Build.0 = Debug|Any CPU
		{1FB84A03-9F00-42E7-8246-A5A1CC123F25}.Release|Any CPU.ActiveCfg = Release|Any CPU
		{1FB84A03-9F00-42E7-8246-A5A1CC123F25}.Release|Any CPU.Build.0 = Release|Any CPU
		{1FB84A03-9F00-42E7-8246-A5A1CC123F25}.Release|x64.ActiveCfg = Release|Any CPU
		{1FB84A03-9F00-42E7-8246-A5A1CC123F25}.Release|x64.Build.0 = Release|Any CPU
		{1FB84A03-9F00-42E7-8246-A5A1CC123F25}.Release|x86.ActiveCfg = Release|Any CPU
		{1FB84A03-9F00-42E7-8246-A5A1CC123F25}.Release|x86.Build.0 = Release|Any CPU
		{621F570F-EB47-4FF8-9608-C3C82FF77248}.Debug|Any CPU.ActiveCfg = Debug|Any CPU
		{621F570F-EB47-4FF8-9608-C3C82FF77248}.Debug|Any CPU.Build.0 = Debug|Any CPU
		{621F570F-EB47-4FF8-9608-C3C82FF77248}.Debug|x64.ActiveCfg = Debug|Any CPU
		{621F570F-EB47-4FF8-9608-C3C82FF77248}.Debug|x64.Build.0 = Debug|Any CPU
		{621F570F-EB47-4FF8-9608-C3C82FF77248}.Debug|x86.ActiveCfg = Debug|Any CPU
		{621F570F-EB47-4FF8-9608-C3C82FF77248}.Debug|x86.Build.0 = Debug|Any CPU
		{621F570F-EB47-4FF8-9608-C3C82FF77248}.Release|Any CPU.ActiveCfg = Release|Any CPU
		{621F570F-EB47-4FF8-9608-C3C82FF77248}.Release|Any CPU.Build.0 = Release|Any CPU
		{621F570F-EB47-4FF8-9608-C3C82FF77248}.Release|x64.ActiveCfg = Release|Any CPU
		{621F570F-EB47-4FF8-9608-C3C82FF77248}.Release|x64.Build.0 = Release|Any CPU
		{621F570F-EB47-4FF8-9608-C3C82FF77248}.Release|x86.ActiveCfg = Release|Any CPU
		{621F570F-EB47-4FF8-9608-C3C82FF77248}.Release|x86.Build.0 = Release|Any CPU
		{470BAEAA-D43A-4A71-8722-D06F7ED74585}.Debug|Any CPU.ActiveCfg = Debug|Any CPU
		{470BAEAA-D43A-4A71-8722-D06F7ED74585}.Debug|Any CPU.Build.0 = Debug|Any CPU
		{470BAEAA-D43A-4A71-8722-D06F7ED74585}.Debug|x64.ActiveCfg = Debug|Any CPU
		{470BAEAA-D43A-4A71-8722-D06F7ED74585}.Debug|x64.Build.0 = Debug|Any CPU
		{470BAEAA-D43A-4A71-8722-D06F7ED74585}.Debug|x86.ActiveCfg = Debug|Any CPU
		{470BAEAA-D43A-4A71-8722-D06F7ED74585}.Debug|x86.Build.0 = Debug|Any CPU
		{470BAEAA-D43A-4A71-8722-D06F7ED74585}.Release|Any CPU.ActiveCfg = Release|Any CPU
		{470BAEAA-D43A-4A71-8722-D06F7ED74585}.Release|Any CPU.Build.0 = Release|Any CPU
		{470BAEAA-D43A-4A71-8722-D06F7ED74585}.Release|x64.ActiveCfg = Release|Any CPU
		{470BAEAA-D43A-4A71-8722-D06F7ED74585}.Release|x64.Build.0 = Release|Any CPU
		{470BAEAA-D43A-4A71-8722-D06F7ED74585}.Release|x86.ActiveCfg = Release|Any CPU
		{470BAEAA-D43A-4A71-8722-D06F7ED74585}.Release|x86.Build.0 = Release|Any CPU
		{89A6B603-B776-4E4F-89FD-E01D2100C674}.Debug|Any CPU.ActiveCfg = Debug|Any CPU
		{89A6B603-B776-4E4F-89FD-E01D2100C674}.Debug|Any CPU.Build.0 = Debug|Any CPU
		{89A6B603-B776-4E4F-89FD-E01D2100C674}.Debug|x64.ActiveCfg = Debug|Any CPU
		{89A6B603-B776-4E4F-89FD-E01D2100C674}.Debug|x64.Build.0 = Debug|Any CPU
		{89A6B603-B776-4E4F-89FD-E01D2100C674}.Debug|x86.ActiveCfg = Debug|Any CPU
		{89A6B603-B776-4E4F-89FD-E01D2100C674}.Debug|x86.Build.0 = Debug|Any CPU
		{89A6B603-B776-4E4F-89FD-E01D2100C674}.Release|Any CPU.ActiveCfg = Release|Any CPU
		{89A6B603-B776-4E4F-89FD-E01D2100C674}.Release|Any CPU.Build.0 = Release|Any CPU
		{89A6B603-B776-4E4F-89FD-E01D2100C674}.Release|x64.ActiveCfg = Release|Any CPU
		{89A6B603-B776-4E4F-89FD-E01D2100C674}.Release|x64.Build.0 = Release|Any CPU
		{89A6B603-B776-4E4F-89FD-E01D2100C674}.Release|x86.ActiveCfg = Release|Any CPU
		{89A6B603-B776-4E4F-89FD-E01D2100C674}.Release|x86.Build.0 = Release|Any CPU
		{24A16D02-2A20-4B48-84B1-C45936E997E4}.Debug|Any CPU.ActiveCfg = Debug|Any CPU
		{24A16D02-2A20-4B48-84B1-C45936E997E4}.Debug|Any CPU.Build.0 = Debug|Any CPU
		{24A16D02-2A20-4B48-84B1-C45936E997E4}.Debug|x64.ActiveCfg = Debug|Any CPU
		{24A16D02-2A20-4B48-84B1-C45936E997E4}.Debug|x64.Build.0 = Debug|Any CPU
		{24A16D02-2A20-4B48-84B1-C45936E997E4}.Debug|x86.ActiveCfg = Debug|Any CPU
		{24A16D02-2A20-4B48-84B1-C45936E997E4}.Debug|x86.Build.0 = Debug|Any CPU
		{24A16D02-2A20-4B48-84B1-C45936E997E4}.Release|Any CPU.ActiveCfg = Release|Any CPU
		{24A16D02-2A20-4B48-84B1-C45936E997E4}.Release|Any CPU.Build.0 = Release|Any CPU
		{24A16D02-2A20-4B48-84B1-C45936E997E4}.Release|x64.ActiveCfg = Release|Any CPU
		{24A16D02-2A20-4B48-84B1-C45936E997E4}.Release|x64.Build.0 = Release|Any CPU
		{24A16D02-2A20-4B48-84B1-C45936E997E4}.Release|x86.ActiveCfg = Release|Any CPU
		{24A16D02-2A20-4B48-84B1-C45936E997E4}.Release|x86.Build.0 = Release|Any CPU
	EndGlobalSection
	GlobalSection(SolutionProperties) = preSolution
		HideSolutionNode = FALSE
	EndGlobalSection
	GlobalSection(NestedProjects) = preSolution
		{AC2D474C-57A7-47D8-9A1E-03109D0D1099} = {4786C369-2985-48AF-8643-4F0406F1FF88}
		{BBF6536A-C01F-4741-9683-4D4B0E537D4C} = {4786C369-2985-48AF-8643-4F0406F1FF88}
		{99F582B3-BFF6-416E-A981-4C0646349CF4} = {4786C369-2985-48AF-8643-4F0406F1FF88}
		{489C97A6-20F1-4CBE-A8CD-35B6FE362512} = {4786C369-2985-48AF-8643-4F0406F1FF88}
		{ED68B6EB-5835-4C99-8D28-E5B0B3C5FB4C} = {4786C369-2985-48AF-8643-4F0406F1FF88}
		{1FB84A03-9F00-42E7-8246-A5A1CC123F25} = {0C88DD14-F956-CE84-757C-A364CCF449FC}
		{621F570F-EB47-4FF8-9608-C3C82FF77248} = {0C88DD14-F956-CE84-757C-A364CCF449FC}
		{470BAEAA-D43A-4A71-8722-D06F7ED74585} = {0C88DD14-F956-CE84-757C-A364CCF449FC}
		{89A6B603-B776-4E4F-89FD-E01D2100C674} = {0C88DD14-F956-CE84-757C-A364CCF449FC}
		{24A16D02-2A20-4B48-84B1-C45936E997E4} = {0C88DD14-F956-CE84-757C-A364CCF449FC}
	EndGlobalSection
EndGlobal
